
Microsoft Visual Studio Solution File, Format Version 12.00
# Visual Studio Version 17
VisualStudioVersion = 17.6.33829.357
MinimumVisualStudioVersion = 10.0.40219.1
Project("{9A19103F-16F7-4668-BE54-9A1E7A4F7556}") = "TheExpanseRPG.Core", "TheExpanseRPG.Core\TheExpanseRPG.Core.csproj", "{D9B97D20-3FDB-4998-B99A-2847B72EA533}"
EndProject
Project("{9A19103F-16F7-4668-BE54-9A1E7A4F7556}") = "TheExpanseRPG.Core.Tests", "TheExpanseRPG.Core.Tests\TheExpanseRPG.Core.Tests.csproj", "{194D4347-CF6B-40D1-8B37-EE3B8FD6BA6E}"
EndProject
Project("{9A19103F-16F7-4668-BE54-9A1E7A4F7556}") = "TheExpanseRPG", "TheExpanseRPG\TheExpanseRPG.csproj", "{0BA2EF2C-47C1-43E5-B3F2-F38C36FF0C92}"
EndProject
Global
	GlobalSection(SolutionConfigurationPlatforms) = preSolution
		Debug|Any CPU = Debug|Any CPU
		Release|Any CPU = Release|Any CPU
	EndGlobalSection
	GlobalSection(ProjectConfigurationPlatforms) = postSolution
		{D9B97D20-3FDB-4998-B99A-2847B72EA533}.Debug|Any CPU.ActiveCfg = Debug|Any CPU
		{D9B97D20-3FDB-4998-B99A-2847B72EA533}.Debug|Any CPU.Build.0 = Debug|Any CPU
		{D9B97D20-3FDB-4998-B99A-2847B72EA533}.Release|Any CPU.ActiveCfg = Release|Any CPU
		{D9B97D20-3FDB-4998-B99A-2847B72EA533}.Release|Any CPU.Build.0 = Release|Any CPU
		{194D4347-CF6B-40D1-8B37-EE3B8FD6BA6E}.Debug|Any CPU.ActiveCfg = Debug|Any CPU
		{194D4347-CF6B-40D1-8B37-EE3B8FD6BA6E}.Debug|Any CPU.Build.0 = Debug|Any CPU
		{194D4347-CF6B-40D1-8B37-EE3B8FD6BA6E}.Release|Any CPU.ActiveCfg = Release|Any CPU
		{194D4347-CF6B-40D1-8B37-EE3B8FD6BA6E}.Release|Any CPU.Build.0 = Release|Any CPU
		{0BA2EF2C-47C1-43E5-B3F2-F38C36FF0C92}.Debug|Any CPU.ActiveCfg = Debug|Any CPU
		{0BA2EF2C-47C1-43E5-B3F2-F38C36FF0C92}.Debug|Any CPU.Build.0 = Debug|Any CPU
		{0BA2EF2C-47C1-43E5-B3F2-F38C36FF0C92}.Release|Any CPU.ActiveCfg = Release|Any CPU
		{0BA2EF2C-47C1-43E5-B3F2-F38C36FF0C92}.Release|Any CPU.Build.0 = Release|Any CPU
	EndGlobalSection
	GlobalSection(SolutionProperties) = preSolution
		HideSolutionNode = FALSE
	EndGlobalSection
	GlobalSection(ExtensibilityGlobals) = postSolution
		SolutionGuid = {DD3A149C-EF13-4C02-A243-5945C8985C16}
	EndGlobalSection
EndGlobal
